
Microsoft Visual Studio Solution File, Format Version 12.00
# Visual Studio Version 17
VisualStudioVersion = 17.7.34024.191
MinimumVisualStudioVersion = 10.0.40219.1
Project("{9A19103F-16F7-4668-BE54-9A1E7A4F7556}") = "LabWepAPi", "LabWepAPi.csproj", "{C1C8E606-1DC7-4668-84B0-91423D7E2034}"
EndProject
Global
	GlobalSection(SolutionConfigurationPlatforms) = preSolution
		Debug|Any CPU = Debug|Any CPU
		Release|Any CPU = Release|Any CPU
	EndGlobalSection
	GlobalSection(ProjectConfigurationPlatforms) = postSolution
		{C1C8E606-1DC7-4668-84B0-91423D7E2034}.Debug|Any CPU.ActiveCfg = Debug|Any CPU
		{C1C8E606-1DC7-4668-84B0-91423D7E2034}.Debug|Any CPU.Build.0 = Debug|Any CPU
		{C1C8E606-1DC7-4668-84B0-91423D7E2034}.Release|Any CPU.ActiveCfg = Release|Any CPU
		{C1C8E606-1DC7-4668-84B0-91423D7E2034}.Release|Any CPU.Build.0 = Release|Any CPU
	EndGlobalSection
	GlobalSection(SolutionProperties) = preSolution
		HideSolutionNode = FALSE
	EndGlobalSection
	GlobalSection(ExtensibilityGlobals) = postSolution
		SolutionGuid = {4C680006-5ED0-4105-B81C-E4D6A288B77E}
	EndGlobalSection
EndGlobal
